// !$*UTF8*$!
{
	archiveVersion = 1;
	classes = {
	};
	objectVersion = 50;
	objects = {

/* Begin PBXBuildFile section */
		CB2110FB25B8B985003A0D8D /* SandwichStore.swift in Sources */ = {isa = PBXBuildFile; fileRef = CB2110FA25B8B985003A0D8D /* SandwichStore.swift */; };
		CB2110FC25B8B985003A0D8D /* SandwichStore.swift in Sources */ = {isa = PBXBuildFile; fileRef = CB2110FA25B8B985003A0D8D /* SandwichStore.swift */; };
		CBA77C4F25B8A8FB0023CD5D /* Tests_iOS.swift in Sources */ = {isa = PBXBuildFile; fileRef = CBA77C4E25B8A8FB0023CD5D /* Tests_iOS.swift */; };
		CBA77C5A25B8A8FB0023CD5D /* Tests_macOS.swift in Sources */ = {isa = PBXBuildFile; fileRef = CBA77C5925B8A8FB0023CD5D /* Tests_macOS.swift */; };
		CBA77C5C25B8A8FB0023CD5D /* SandwhichesApp.swift in Sources */ = {isa = PBXBuildFile; fileRef = CBA77C3325B8A8F70023CD5D /* SandwhichesApp.swift */; };
		CBA77C5D25B8A8FB0023CD5D /* SandwhichesApp.swift in Sources */ = {isa = PBXBuildFile; fileRef = CBA77C3325B8A8F70023CD5D /* SandwhichesApp.swift */; };
		CBA77C5E25B8A8FB0023CD5D /* ContentView.swift in Sources */ = {isa = PBXBuildFile; fileRef = CBA77C3425B8A8F70023CD5D /* ContentView.swift */; };
		CBA77C5F25B8A8FB0023CD5D /* ContentView.swift in Sources */ = {isa = PBXBuildFile; fileRef = CBA77C3425B8A8F70023CD5D /* ContentView.swift */; };
		CBA77C6025B8A8FB0023CD5D /* Assets.xcassets in Resources */ = {isa = PBXBuildFile; fileRef = CBA77C3525B8A8FB0023CD5D /* Assets.xcassets */; };
		CBA77C6125B8A8FB0023CD5D /* Assets.xcassets in Resources */ = {isa = PBXBuildFile; fileRef = CBA77C3525B8A8FB0023CD5D /* Assets.xcassets */; };
		CBA77C7625B8AB920023CD5D /* Sandwiches.xcassets in Resources */ = {isa = PBXBuildFile; fileRef = CBA77C7425B8AB920023CD5D /* Sandwiches.xcassets */; };
		CBA77C7725B8AB920023CD5D /* Sandwiches.xcassets in Resources */ = {isa = PBXBuildFile; fileRef = CBA77C7425B8AB920023CD5D /* Sandwiches.xcassets */; };
		CBA77C7825B8AB920023CD5D /* Sandwich.swift in Sources */ = {isa = PBXBuildFile; fileRef = CBA77C7525B8AB920023CD5D /* Sandwich.swift */; };
		CBA77C7925B8AB920023CD5D /* Sandwich.swift in Sources */ = {isa = PBXBuildFile; fileRef = CBA77C7525B8AB920023CD5D /* Sandwich.swift */; };
		CBA77C7F25B8B08E0023CD5D /* SandwichDetail.swift in Sources */ = {isa = PBXBuildFile; fileRef = CBA77C7E25B8B08E0023CD5D /* SandwichDetail.swift */; };
		CBA77C8025B8B08E0023CD5D /* SandwichDetail.swift in Sources */ = {isa = PBXBuildFile; fileRef = CBA77C7E25B8B08E0023CD5D /* SandwichDetail.swift */; };
/* End PBXBuildFile section */

/* Begin PBXContainerItemProxy section */
		CBA77C4B25B8A8FB0023CD5D /* PBXContainerItemProxy */ = {
			isa = PBXContainerItemProxy;
			containerPortal = CBA77C2E25B8A8F70023CD5D /* Project object */;
			proxyType = 1;
			remoteGlobalIDString = CBA77C3925B8A8FB0023CD5D;
			remoteInfo = "Sandwhiches (iOS)";
		};
		CBA77C5625B8A8FB0023CD5D /* PBXContainerItemProxy */ = {
			isa = PBXContainerItemProxy;
			containerPortal = CBA77C2E25B8A8F70023CD5D /* Project object */;
			proxyType = 1;
			remoteGlobalIDString = CBA77C4125B8A8FB0023CD5D;
			remoteInfo = "Sandwhiches (macOS)";
		};
/* End PBXContainerItemProxy section */

/* Begin PBXFileReference section */
		CB2110FA25B8B985003A0D8D /* SandwichStore.swift */ = {isa = PBXFileReference; fileEncoding = 4; lastKnownFileType = sourcecode.swift; path = SandwichStore.swift; sourceTree = "<group>"; };
		CBA77C3325B8A8F70023CD5D /* SandwhichesApp.swift */ = {isa = PBXFileReference; lastKnownFileType = sourcecode.swift; path = SandwhichesApp.swift; sourceTree = "<group>"; };
		CBA77C3425B8A8F70023CD5D /* ContentView.swift */ = {isa = PBXFileReference; lastKnownFileType = sourcecode.swift; path = ContentView.swift; sourceTree = "<group>"; };
		CBA77C3525B8A8FB0023CD5D /* Assets.xcassets */ = {isa = PBXFileReference; lastKnownFileType = folder.assetcatalog; path = Assets.xcassets; sourceTree = "<group>"; };
		CBA77C3A25B8A8FB0023CD5D /* Sandwhiches.app */ = {isa = PBXFileReference; explicitFileType = wrapper.application; includeInIndex = 0; path = Sandwhiches.app; sourceTree = BUILT_PRODUCTS_DIR; };
		CBA77C3D25B8A8FB0023CD5D /* Info.plist */ = {isa = PBXFileReference; lastKnownFileType = text.plist.xml; path = Info.plist; sourceTree = "<group>"; };
		CBA77C4225B8A8FB0023CD5D /* Sandwhiches.app */ = {isa = PBXFileReference; explicitFileType = wrapper.application; includeInIndex = 0; path = Sandwhiches.app; sourceTree = BUILT_PRODUCTS_DIR; };
		CBA77C4425B8A8FB0023CD5D /* Info.plist */ = {isa = PBXFileReference; lastKnownFileType = text.plist.xml; path = Info.plist; sourceTree = "<group>"; };
		CBA77C4525B8A8FB0023CD5D /* macOS.entitlements */ = {isa = PBXFileReference; lastKnownFileType = text.plist.entitlements; path = macOS.entitlements; sourceTree = "<group>"; };
		CBA77C4A25B8A8FB0023CD5D /* Tests iOS.xctest */ = {isa = PBXFileReference; explicitFileType = wrapper.cfbundle; includeInIndex = 0; path = "Tests iOS.xctest"; sourceTree = BUILT_PRODUCTS_DIR; };
		CBA77C4E25B8A8FB0023CD5D /* Tests_iOS.swift */ = {isa = PBXFileReference; lastKnownFileType = sourcecode.swift; path = Tests_iOS.swift; sourceTree = "<group>"; };
		CBA77C5025B8A8FB0023CD5D /* Info.plist */ = {isa = PBXFileReference; lastKnownFileType = text.plist.xml; path = Info.plist; sourceTree = "<group>"; };
		CBA77C5525B8A8FB0023CD5D /* Tests macOS.xctest */ = {isa = PBXFileReference; explicitFileType = wrapper.cfbundle; includeInIndex = 0; path = "Tests macOS.xctest"; sourceTree = BUILT_PRODUCTS_DIR; };
		CBA77C5925B8A8FB0023CD5D /* Tests_macOS.swift */ = {isa = PBXFileReference; lastKnownFileType = sourcecode.swift; path = Tests_macOS.swift; sourceTree = "<group>"; };
		CBA77C5B25B8A8FB0023CD5D /* Info.plist */ = {isa = PBXFileReference; lastKnownFileType = text.plist.xml; path = Info.plist; sourceTree = "<group>"; };
		CBA77C7425B8AB920023CD5D /* Sandwiches.xcassets */ = {isa = PBXFileReference; lastKnownFileType = folder.assetcatalog; path = Sandwiches.xcassets; sourceTree = "<group>"; };
		CBA77C7525B8AB920023CD5D /* Sandwich.swift */ = {isa = PBXFileReference; fileEncoding = 4; lastKnownFileType = sourcecode.swift; path = Sandwich.swift; sourceTree = "<group>"; };
		CBA77C7E25B8B08E0023CD5D /* SandwichDetail.swift */ = {isa = PBXFileReference; lastKnownFileType = sourcecode.swift; path = SandwichDetail.swift; sourceTree = "<group>"; };
/* End PBXFileReference section */

/* Begin PBXFrameworksBuildPhase section */
		CBA77C3725B8A8FB0023CD5D /* Frameworks */ = {
			isa = PBXFrameworksBuildPhase;
			buildActionMask = 2147483647;
			files = (
			);
			runOnlyForDeploymentPostprocessing = 0;
		};
		CBA77C3F25B8A8FB0023CD5D /* Frameworks */ = {
			isa = PBXFrameworksBuildPhase;
			buildActionMask = 2147483647;
			files = (
			);
			runOnlyForDeploymentPostprocessing = 0;
		};
		CBA77C4725B8A8FB0023CD5D /* Frameworks */ = {
			isa = PBXFrameworksBuildPhase;
			buildActionMask = 2147483647;
			files = (
			);
			runOnlyForDeploymentPostprocessing = 0;
		};
		CBA77C5225B8A8FB0023CD5D /* Frameworks */ = {
			isa = PBXFrameworksBuildPhase;
			buildActionMask = 2147483647;
			files = (
			);
			runOnlyForDeploymentPostprocessing = 0;
		};
/* End PBXFrameworksBuildPhase section */

/* Begin PBXGroup section */
		CBA77C2D25B8A8F70023CD5D = {
			isa = PBXGroup;
			children = (
				CBA77C3225B8A8F70023CD5D /* Shared */,
				CBA77C3C25B8A8FB0023CD5D /* iOS */,
				CBA77C4325B8A8FB0023CD5D /* macOS */,
				CBA77C4D25B8A8FB0023CD5D /* Tests iOS */,
				CBA77C5825B8A8FB0023CD5D /* Tests macOS */,
				CBA77C3B25B8A8FB0023CD5D /* Products */,
			);
			sourceTree = "<group>";
		};
		CBA77C3225B8A8F70023CD5D /* Shared */ = {
			isa = PBXGroup;
			children = (
				CBA77C3325B8A8F70023CD5D /* SandwhichesApp.swift */,
				CBA77C3425B8A8F70023CD5D /* ContentView.swift */,
				CBA77C7E25B8B08E0023CD5D /* SandwichDetail.swift */,
				CBA77C7525B8AB920023CD5D /* Sandwich.swift */,
				CB2110FA25B8B985003A0D8D /* SandwichStore.swift */,
				CBA77C7425B8AB920023CD5D /* Sandwiches.xcassets */,
				CBA77C3525B8A8FB0023CD5D /* Assets.xcassets */,
			);
			path = Shared;
			sourceTree = "<group>";
		};
		CBA77C3B25B8A8FB0023CD5D /* Products */ = {
			isa = PBXGroup;
			children = (
				CBA77C3A25B8A8FB0023CD5D /* Sandwhiches.app */,
				CBA77C4225B8A8FB0023CD5D /* Sandwhiches.app */,
				CBA77C4A25B8A8FB0023CD5D /* Tests iOS.xctest */,
				CBA77C5525B8A8FB0023CD5D /* Tests macOS.xctest */,
			);
			name = Products;
			sourceTree = "<group>";
		};
		CBA77C3C25B8A8FB0023CD5D /* iOS */ = {
			isa = PBXGroup;
			children = (
				CBA77C3D25B8A8FB0023CD5D /* Info.plist */,
			);
			path = iOS;
			sourceTree = "<group>";
		};
		CBA77C4325B8A8FB0023CD5D /* macOS */ = {
			isa = PBXGroup;
			children = (
				CBA77C4425B8A8FB0023CD5D /* Info.plist */,
				CBA77C4525B8A8FB0023CD5D /* macOS.entitlements */,
			);
			path = macOS;
			sourceTree = "<group>";
		};
		CBA77C4D25B8A8FB0023CD5D /* Tests iOS */ = {
			isa = PBXGroup;
			children = (
				CBA77C4E25B8A8FB0023CD5D /* Tests_iOS.swift */,
				CBA77C5025B8A8FB0023CD5D /* Info.plist */,
			);
			path = "Tests iOS";
			sourceTree = "<group>";
		};
		CBA77C5825B8A8FB0023CD5D /* Tests macOS */ = {
			isa = PBXGroup;
			children = (
				CBA77C5925B8A8FB0023CD5D /* Tests_macOS.swift */,
				CBA77C5B25B8A8FB0023CD5D /* Info.plist */,
			);
			path = "Tests macOS";
			sourceTree = "<group>";
		};
/* End PBXGroup section */

/* Begin PBXNativeTarget section */
		CBA77C3925B8A8FB0023CD5D /* Sandwhiches (iOS) */ = {
			isa = PBXNativeTarget;
			buildConfigurationList = CBA77C6425B8A8FB0023CD5D /* Build configuration list for PBXNativeTarget "Sandwhiches (iOS)" */;
			buildPhases = (
				CBA77C3625B8A8FB0023CD5D /* Sources */,
				CBA77C3725B8A8FB0023CD5D /* Frameworks */,
				CBA77C3825B8A8FB0023CD5D /* Resources */,
			);
			buildRules = (
			);
			dependencies = (
			);
			name = "Sandwhiches (iOS)";
			productName = "Sandwhiches (iOS)";
			productReference = CBA77C3A25B8A8FB0023CD5D /* Sandwhiches.app */;
			productType = "com.apple.product-type.application";
		};
		CBA77C4125B8A8FB0023CD5D /* Sandwhiches (macOS) */ = {
			isa = PBXNativeTarget;
			buildConfigurationList = CBA77C6725B8A8FB0023CD5D /* Build configuration list for PBXNativeTarget "Sandwhiches (macOS)" */;
			buildPhases = (
				CBA77C3E25B8A8FB0023CD5D /* Sources */,
				CBA77C3F25B8A8FB0023CD5D /* Frameworks */,
				CBA77C4025B8A8FB0023CD5D /* Resources */,
			);
			buildRules = (
			);
			dependencies = (
			);
			name = "Sandwhiches (macOS)";
			productName = "Sandwhiches (macOS)";
			productReference = CBA77C4225B8A8FB0023CD5D /* Sandwhiches.app */;
			productType = "com.apple.product-type.application";
		};
		CBA77C4925B8A8FB0023CD5D /* Tests iOS */ = {
			isa = PBXNativeTarget;
			buildConfigurationList = CBA77C6A25B8A8FB0023CD5D /* Build configuration list for PBXNativeTarget "Tests iOS" */;
			buildPhases = (
				CBA77C4625B8A8FB0023CD5D /* Sources */,
				CBA77C4725B8A8FB0023CD5D /* Frameworks */,
				CBA77C4825B8A8FB0023CD5D /* Resources */,
			);
			buildRules = (
			);
			dependencies = (
				CBA77C4C25B8A8FB0023CD5D /* PBXTargetDependency */,
			);
			name = "Tests iOS";
			productName = "Tests iOS";
			productReference = CBA77C4A25B8A8FB0023CD5D /* Tests iOS.xctest */;
			productType = "com.apple.product-type.bundle.ui-testing";
		};
		CBA77C5425B8A8FB0023CD5D /* Tests macOS */ = {
			isa = PBXNativeTarget;
			buildConfigurationList = CBA77C6D25B8A8FB0023CD5D /* Build configuration list for PBXNativeTarget "Tests macOS" */;
			buildPhases = (
				CBA77C5125B8A8FB0023CD5D /* Sources */,
				CBA77C5225B8A8FB0023CD5D /* Frameworks */,
				CBA77C5325B8A8FB0023CD5D /* Resources */,
			);
			buildRules = (
			);
			dependencies = (
				CBA77C5725B8A8FB0023CD5D /* PBXTargetDependency */,
			);
			name = "Tests macOS";
			productName = "Tests macOS";
			productReference = CBA77C5525B8A8FB0023CD5D /* Tests macOS.xctest */;
			productType = "com.apple.product-type.bundle.ui-testing";
		};
/* End PBXNativeTarget section */

/* Begin PBXProject section */
		CBA77C2E25B8A8F70023CD5D /* Project object */ = {
			isa = PBXProject;
			attributes = {
				LastSwiftUpdateCheck = 1230;
				LastUpgradeCheck = 1230;
				TargetAttributes = {
					CBA77C3925B8A8FB0023CD5D = {
						CreatedOnToolsVersion = 12.3;
					};
					CBA77C4125B8A8FB0023CD5D = {
						CreatedOnToolsVersion = 12.3;
					};
					CBA77C4925B8A8FB0023CD5D = {
						CreatedOnToolsVersion = 12.3;
						TestTargetID = CBA77C3925B8A8FB0023CD5D;
					};
					CBA77C5425B8A8FB0023CD5D = {
						CreatedOnToolsVersion = 12.3;
						TestTargetID = CBA77C4125B8A8FB0023CD5D;
					};
				};
			};
			buildConfigurationList = CBA77C3125B8A8F70023CD5D /* Build configuration list for PBXProject "Sandwhiches" */;
			compatibilityVersion = "Xcode 9.3";
			developmentRegion = en;
			hasScannedForEncodings = 0;
			knownRegions = (
				en,
				Base,
			);
			mainGroup = CBA77C2D25B8A8F70023CD5D;
			productRefGroup = CBA77C3B25B8A8FB0023CD5D /* Products */;
			projectDirPath = "";
			projectRoot = "";
			targets = (
				CBA77C3925B8A8FB0023CD5D /* Sandwhiches (iOS) */,
				CBA77C4125B8A8FB0023CD5D /* Sandwhiches (macOS) */,
				CBA77C4925B8A8FB0023CD5D /* Tests iOS */,
				CBA77C5425B8A8FB0023CD5D /* Tests macOS */,
			);
		};
/* End PBXProject section */

/* Begin PBXResourcesBuildPhase section */
		CBA77C3825B8A8FB0023CD5D /* Resources */ = {
			isa = PBXResourcesBuildPhase;
			buildActionMask = 2147483647;
			files = (
				CBA77C7625B8AB920023CD5D /* Sandwiches.xcassets in Resources */,
				CBA77C6025B8A8FB0023CD5D /* Assets.xcassets in Resources */,
			);
			runOnlyForDeploymentPostprocessing = 0;
		};
		CBA77C4025B8A8FB0023CD5D /* Resources */ = {
			isa = PBXResourcesBuildPhase;
			buildActionMask = 2147483647;
			files = (
				CBA77C7725B8AB920023CD5D /* Sandwiches.xcassets in Resources */,
				CBA77C6125B8A8FB0023CD5D /* Assets.xcassets in Resources */,
			);
			runOnlyForDeploymentPostprocessing = 0;
		};
		CBA77C4825B8A8FB0023CD5D /* Resources */ = {
			isa = PBXResourcesBuildPhase;
			buildActionMask = 2147483647;
			files = (
			);
			runOnlyForDeploymentPostprocessing = 0;
		};
		CBA77C5325B8A8FB0023CD5D /* Resources */ = {
			isa = PBXResourcesBuildPhase;
			buildActionMask = 2147483647;
			files = (
			);
			runOnlyForDeploymentPostprocessing = 0;
		};
/* End PBXResourcesBuildPhase section */

/* Begin PBXSourcesBuildPhase section */
		CBA77C3625B8A8FB0023CD5D /* Sources */ = {
			isa = PBXSourcesBuildPhase;
			buildActionMask = 2147483647;
			files = (
				CB2110FB25B8B985003A0D8D /* SandwichStore.swift in Sources */,
				CBA77C5E25B8A8FB0023CD5D /* ContentView.swift in Sources */,
				CBA77C5C25B8A8FB0023CD5D /* SandwhichesApp.swift in Sources */,
				CBA77C7825B8AB920023CD5D /* Sandwich.swift in Sources */,
				CBA77C7F25B8B08E0023CD5D /* SandwichDetail.swift in Sources */,
			);
			runOnlyForDeploymentPostprocessing = 0;
		};
		CBA77C3E25B8A8FB0023CD5D /* Sources */ = {
			isa = PBXSourcesBuildPhase;
			buildActionMask = 2147483647;
			files = (
				CB2110FC25B8B985003A0D8D /* SandwichStore.swift in Sources */,
				CBA77C5F25B8A8FB0023CD5D /* ContentView.swift in Sources */,
				CBA77C5D25B8A8FB0023CD5D /* SandwhichesApp.swift in Sources */,
				CBA77C7925B8AB920023CD5D /* Sandwich.swift in Sources */,
				CBA77C8025B8B08E0023CD5D /* SandwichDetail.swift in Sources */,
			);
			runOnlyForDeploymentPostprocessing = 0;
		};
		CBA77C4625B8A8FB0023CD5D /* Sources */ = {
			isa = PBXSourcesBuildPhase;
			buildActionMask = 2147483647;
			files = (
				CBA77C4F25B8A8FB0023CD5D /* Tests_iOS.swift in Sources */,
			);
			runOnlyForDeploymentPostprocessing = 0;
		};
		CBA77C5125B8A8FB0023CD5D /* Sources */ = {
			isa = PBXSourcesBuildPhase;
			buildActionMask = 2147483647;
			files = (
				CBA77C5A25B8A8FB0023CD5D /* Tests_macOS.swift in Sources */,
			);
			runOnlyForDeploymentPostprocessing = 0;
		};
/* End PBXSourcesBuildPhase section */

/* Begin PBXTargetDependency section */
		CBA77C4C25B8A8FB0023CD5D /* PBXTargetDependency */ = {
			isa = PBXTargetDependency;
			target = CBA77C3925B8A8FB0023CD5D /* Sandwhiches (iOS) */;
			targetProxy = CBA77C4B25B8A8FB0023CD5D /* PBXContainerItemProxy */;
		};
		CBA77C5725B8A8FB0023CD5D /* PBXTargetDependency */ = {
			isa = PBXTargetDependency;
			target = CBA77C4125B8A8FB0023CD5D /* Sandwhiches (macOS) */;
			targetProxy = CBA77C5625B8A8FB0023CD5D /* PBXContainerItemProxy */;
		};
/* End PBXTargetDependency section */

/* Begin XCBuildConfiguration section */
		CBA77C6225B8A8FB0023CD5D /* Debug */ = {
			isa = XCBuildConfiguration;
			buildSettings = {
				ALWAYS_SEARCH_USER_PATHS = NO;
				CLANG_ANALYZER_NONNULL = YES;
				CLANG_ANALYZER_NUMBER_OBJECT_CONVERSION = YES_AGGRESSIVE;
				CLANG_CXX_LANGUAGE_STANDARD = "gnu++14";
				CLANG_CXX_LIBRARY = "libc++";
				CLANG_ENABLE_MODULES = YES;
				CLANG_ENABLE_OBJC_ARC = YES;
				CLANG_ENABLE_OBJC_WEAK = YES;
				CLANG_WARN_BLOCK_CAPTURE_AUTORELEASING = YES;
				CLANG_WARN_BOOL_CONVERSION = YES;
				CLANG_WARN_COMMA = YES;
				CLANG_WARN_CONSTANT_CONVERSION = YES;
				CLANG_WARN_DEPRECATED_OBJC_IMPLEMENTATIONS = YES;
				CLANG_WARN_DIRECT_OBJC_ISA_USAGE = YES_ERROR;
				CLANG_WARN_DOCUMENTATION_COMMENTS = YES;
				CLANG_WARN_EMPTY_BODY = YES;
				CLANG_WARN_ENUM_CONVERSION = YES;
				CLANG_WARN_INFINITE_RECURSION = YES;
				CLANG_WARN_INT_CONVERSION = YES;
				CLANG_WARN_NON_LITERAL_NULL_CONVERSION = YES;
				CLANG_WARN_OBJC_IMPLICIT_RETAIN_SELF = YES;
				CLANG_WARN_OBJC_LITERAL_CONVERSION = YES;
				CLANG_WARN_OBJC_ROOT_CLASS = YES_ERROR;
				CLANG_WARN_QUOTED_INCLUDE_IN_FRAMEWORK_HEADER = YES;
				CLANG_WARN_RANGE_LOOP_ANALYSIS = YES;
				CLANG_WARN_STRICT_PROTOTYPES = YES;
				CLANG_WARN_SUSPICIOUS_MOVE = YES;
				CLANG_WARN_UNGUARDED_AVAILABILITY = YES_AGGRESSIVE;
				CLANG_WARN_UNREACHABLE_CODE = YES;
				CLANG_WARN__DUPLICATE_METHOD_MATCH = YES;
				COPY_PHASE_STRIP = NO;
				DEBUG_INFORMATION_FORMAT = dwarf;
				ENABLE_STRICT_OBJC_MSGSEND = YES;
				ENABLE_TESTABILITY = YES;
				GCC_C_LANGUAGE_STANDARD = gnu11;
				GCC_DYNAMIC_NO_PIC = NO;
				GCC_NO_COMMON_BLOCKS = YES;
				GCC_OPTIMIZATION_LEVEL = 0;
				GCC_PREPROCESSOR_DEFINITIONS = (
					"DEBUG=1",
					"$(inherited)",
				);
				GCC_WARN_64_TO_32_BIT_CONVERSION = YES;
				GCC_WARN_ABOUT_RETURN_TYPE = YES_ERROR;
				GCC_WARN_UNDECLARED_SELECTOR = YES;
				GCC_WARN_UNINITIALIZED_AUTOS = YES_AGGRESSIVE;
				GCC_WARN_UNUSED_FUNCTION = YES;
				GCC_WARN_UNUSED_VARIABLE = YES;
				MTL_ENABLE_DEBUG_INFO = INCLUDE_SOURCE;
				MTL_FAST_MATH = YES;
				ONLY_ACTIVE_ARCH = YES;
				SWIFT_ACTIVE_COMPILATION_CONDITIONS = DEBUG;
				SWIFT_OPTIMIZATION_LEVEL = "-Onone";
			};
			name = Debug;
		};
		CBA77C6325B8A8FB0023CD5D /* Release */ = {
			isa = XCBuildConfiguration;
			buildSettings = {
				ALWAYS_SEARCH_USER_PATHS = NO;
				CLANG_ANALYZER_NONNULL = YES;
				CLANG_ANALYZER_NUMBER_OBJECT_CONVERSION = YES_AGGRESSIVE;
				CLANG_CXX_LANGUAGE_STANDARD = "gnu++14";
				CLANG_CXX_LIBRARY = "libc++";
				CLANG_ENABLE_MODULES = YES;
				CLANG_ENABLE_OBJC_ARC = YES;
				CLANG_ENABLE_OBJC_WEAK = YES;
				CLANG_WARN_BLOCK_CAPTURE_AUTORELEASING = YES;
				CLANG_WARN_BOOL_CONVERSION = YES;
				CLANG_WARN_COMMA = YES;
				CLANG_WARN_CONSTANT_CONVERSION = YES;
				CLANG_WARN_DEPRECATED_OBJC_IMPLEMENTATIONS = YES;
				CLANG_WARN_DIRECT_OBJC_ISA_USAGE = YES_ERROR;
				CLANG_WARN_DOCUMENTATION_COMMENTS = YES;
				CLANG_WARN_EMPTY_BODY = YES;
				CLANG_WARN_ENUM_CONVERSION = YES;
				CLANG_WARN_INFINITE_RECURSION = YES;
				CLANG_WARN_INT_CONVERSION = YES;
				CLANG_WARN_NON_LITERAL_NULL_CONVERSION = YES;
				CLANG_WARN_OBJC_IMPLICIT_RETAIN_SELF = YES;
				CLANG_WARN_OBJC_LITERAL_CONVERSION = YES;
				CLANG_WARN_OBJC_ROOT_CLASS = YES_ERROR;
				CLANG_WARN_QUOTED_INCLUDE_IN_FRAMEWORK_HEADER = YES;
				CLANG_WARN_RANGE_LOOP_ANALYSIS = YES;
				CLANG_WARN_STRICT_PROTOTYPES = YES;
				CLANG_WARN_SUSPICIOUS_MOVE = YES;
				CLANG_WARN_UNGUARDED_AVAILABILITY = YES_AGGRESSIVE;
				CLANG_WARN_UNREACHABLE_CODE = YES;
				CLANG_WARN__DUPLICATE_METHOD_MATCH = YES;
				COPY_PHASE_STRIP = NO;
				DEBUG_INFORMATION_FORMAT = "dwarf-with-dsym";
				ENABLE_NS_ASSERTIONS = NO;
				ENABLE_STRICT_OBJC_MSGSEND = YES;
				GCC_C_LANGUAGE_STANDARD = gnu11;
				GCC_NO_COMMON_BLOCKS = YES;
				GCC_WARN_64_TO_32_BIT_CONVERSION = YES;
				GCC_WARN_ABOUT_RETURN_TYPE = YES_ERROR;
				GCC_WARN_UNDECLARED_SELECTOR = YES;
				GCC_WARN_UNINITIALIZED_AUTOS = YES_AGGRESSIVE;
				GCC_WARN_UNUSED_FUNCTION = YES;
				GCC_WARN_UNUSED_VARIABLE = YES;
				MTL_ENABLE_DEBUG_INFO = NO;
				MTL_FAST_MATH = YES;
				SWIFT_COMPILATION_MODE = wholemodule;
				SWIFT_OPTIMIZATION_LEVEL = "-O";
			};
			name = Release;
		};
		CBA77C6525B8A8FB0023CD5D /* Debug */ = {
			isa = XCBuildConfiguration;
			buildSettings = {
				ASSETCATALOG_COMPILER_APPICON_NAME = AppIcon;
				ASSETCATALOG_COMPILER_GLOBAL_ACCENT_COLOR_NAME = AccentColor;
				CODE_SIGN_STYLE = Automatic;
				DEVELOPMENT_TEAM = 8NQTCN3DXT;
				ENABLE_PREVIEWS = YES;
				INFOPLIST_FILE = iOS/Info.plist;
				IPHONEOS_DEPLOYMENT_TARGET = 14.0;
				LD_RUNPATH_SEARCH_PATHS = (
					"$(inherited)",
					"@executable_path/Frameworks",
				);
				PRODUCT_BUNDLE_IDENTIFIER = ca.aidan.melville.Sandwhiches;
				PRODUCT_NAME = Sandwhiches;
				SDKROOT = iphoneos;
				SWIFT_VERSION = 5.0;
				TARGETED_DEVICE_FAMILY = "1,2";
			};
			name = Debug;
		};
		CBA77C6625B8A8FB0023CD5D /* Release */ = {
			isa = XCBuildConfiguration;
			buildSettings = {
				ASSETCATALOG_COMPILER_APPICON_NAME = AppIcon;
				ASSETCATALOG_COMPILER_GLOBAL_ACCENT_COLOR_NAME = AccentColor;
				CODE_SIGN_STYLE = Automatic;
				DEVELOPMENT_TEAM = 8NQTCN3DXT;
				ENABLE_PREVIEWS = YES;
				INFOPLIST_FILE = iOS/Info.plist;
				IPHONEOS_DEPLOYMENT_TARGET = 14.0;
				LD_RUNPATH_SEARCH_PATHS = (
					"$(inherited)",
					"@executable_path/Frameworks",
				);
				PRODUCT_BUNDLE_IDENTIFIER = ca.aidan.melville.Sandwhiches;
				PRODUCT_NAME = Sandwhiches;
				SDKROOT = iphoneos;
				SWIFT_VERSION = 5.0;
				TARGETED_DEVICE_FAMILY = "1,2";
				VALIDATE_PRODUCT = YES;
			};
			name = Release;
		};
		CBA77C6825B8A8FB0023CD5D /* Debug */ = {
			isa = XCBuildConfiguration;
			buildSettings = {
				ASSETCATALOG_COMPILER_APPICON_NAME = AppIcon;
				ASSETCATALOG_COMPILER_GLOBAL_ACCENT_COLOR_NAME = AccentColor;
				CODE_SIGN_ENTITLEMENTS = macOS/macOS.entitlements;
				CODE_SIGN_STYLE = Automatic;
				COMBINE_HIDPI_IMAGES = YES;
				DEVELOPMENT_TEAM = 8NQTCN3DXT;
				ENABLE_HARDENED_RUNTIME = YES;
				ENABLE_PREVIEWS = YES;
				INFOPLIST_FILE = macOS/Info.plist;
				LD_RUNPATH_SEARCH_PATHS = (
					"$(inherited)",
					"@executable_path/../Frameworks",
				);
				MACOSX_DEPLOYMENT_TARGET = 11.0;
				PRODUCT_BUNDLE_IDENTIFIER = ca.aidan.melville.Sandwhiches;
				PRODUCT_NAME = Sandwhiches;
				SDKROOT = macosx;
				SWIFT_VERSION = 5.0;
			};
			name = Debug;
		};
		CBA77C6925B8A8FB0023CD5D /* Release */ = {
			isa = XCBuildConfiguration;
			buildSettings = {
				ASSETCATALOG_COMPILER_APPICON_NAME = AppIcon;
				ASSETCATALOG_COMPILER_GLOBAL_ACCENT_COLOR_NAME = AccentColor;
				CODE_SIGN_ENTITLEMENTS = macOS/macOS.entitlements;
				CODE_SIGN_STYLE = Automatic;
				COMBINE_HIDPI_IMAGES = YES;
				DEVELOPMENT_TEAM = 8NQTCN3DXT;
				ENABLE_HARDENED_RUNTIME = YES;
				ENABLE_PREVIEWS = YES;
				INFOPLIST_FILE = macOS/Info.plist;
				LD_RUNPATH_SEARCH_PATHS = (
					"$(inherited)",
					"@executable_path/../Frameworks",
				);
				MACOSX_DEPLOYMENT_TARGET = 11.0;
				PRODUCT_BUNDLE_IDENTIFIER = ca.aidan.melville.Sandwhiches;
				PRODUCT_NAME = Sandwhiches;
				SDKROOT = macosx;
				SWIFT_VERSION = 5.0;
			};
			name = Release;
		};
		CBA77C6B25B8A8FB0023CD5D /* Debug */ = {
			isa = XCBuildConfiguration;
			buildSettings = {
				ALWAYS_EMBED_SWIFT_STANDARD_LIBRARIES = YES;
				CODE_SIGN_STYLE = Automatic;
				DEVELOPMENT_TEAM = 8NQTCN3DXT;
				INFOPLIST_FILE = "Tests iOS/Info.plist";
				IPHONEOS_DEPLOYMENT_TARGET = 14.3;
				LD_RUNPATH_SEARCH_PATHS = (
					"$(inherited)",
					"@executable_path/Frameworks",
					"@loader_path/Frameworks",
				);
				PRODUCT_BUNDLE_IDENTIFIER = "ca.aidan.melville.Tests-iOS";
				PRODUCT_NAME = "$(TARGET_NAME)";
				SDKROOT = iphoneos;
				SWIFT_VERSION = 5.0;
				TARGETED_DEVICE_FAMILY = "1,2";
				TEST_TARGET_NAME = "Sandwhiches (iOS)";
			};
			name = Debug;
		};
		CBA77C6C25B8A8FB0023CD5D /* Release */ = {
			isa = XCBuildConfiguration;
			buildSettings = {
				ALWAYS_EMBED_SWIFT_STANDARD_LIBRARIES = YES;
				CODE_SIGN_STYLE = Automatic;
				DEVELOPMENT_TEAM = 8NQTCN3DXT;
				INFOPLIST_FILE = "Tests iOS/Info.plist";
				IPHONEOS_DEPLOYMENT_TARGET = 14.3;
				LD_RUNPATH_SEARCH_PATHS = (
					"$(inherited)",
					"@executable_path/Frameworks",
					"@loader_path/Frameworks",
				);
				PRODUCT_BUNDLE_IDENTIFIER = "ca.aidan.melville.Tests-iOS";
				PRODUCT_NAME = "$(TARGET_NAME)";
				SDKROOT = iphoneos;
				SWIFT_VERSION = 5.0;
				TARGETED_DEVICE_FAMILY = "1,2";
				TEST_TARGET_NAME = "Sandwhiches (iOS)";
				VALIDATE_PRODUCT = YES;
			};
			name = Release;
		};
		CBA77C6E25B8A8FB0023CD5D /* Debug */ = {
			isa = XCBuildConfiguration;
			buildSettings = {
				ALWAYS_EMBED_SWIFT_STANDARD_LIBRARIES = YES;
				CODE_SIGN_STYLE = Automatic;
				COMBINE_HIDPI_IMAGES = YES;
				DEVELOPMENT_TEAM = 8NQTCN3DXT;
				INFOPLIST_FILE = "Tests macOS/Info.plist";
				LD_RUNPATH_SEARCH_PATHS = (
					"$(inherited)",
					"@executable_path/../Frameworks",
					"@loader_path/../Frameworks",
				);
				MACOSX_DEPLOYMENT_TARGET = 10.15;
				PRODUCT_BUNDLE_IDENTIFIER = "ca.aidan.melville.Tests-macOS";
				PRODUCT_NAME = "$(TARGET_NAME)";
				SDKROOT = macosx;
				SWIFT_VERSION = 5.0;
				TEST_TARGET_NAME = "Sandwhiches (macOS)";
			};
			name = Debug;
		};
		CBA77C6F25B8A8FB0023CD5D /* Release */ = {
			isa = XCBuildConfiguration;
			buildSettings = {
				ALWAYS_EMBED_SWIFT_STANDARD_LIBRARIES = YES;
				CODE_SIGN_STYLE = Automatic;
				COMBINE_HIDPI_IMAGES = YES;
				DEVELOPMENT_TEAM = 8NQTCN3DXT;
				INFOPLIST_FILE = "Tests macOS/Info.plist";
				LD_RUNPATH_SEARCH_PATHS = (
					"$(inherited)",
					"@executable_path/../Frameworks",
					"@loader_path/../Frameworks",
				);
				MACOSX_DEPLOYMENT_TARGET = 10.15;
				PRODUCT_BUNDLE_IDENTIFIER = "ca.aidan.melville.Tests-macOS";
				PRODUCT_NAME = "$(TARGET_NAME)";
				SDKROOT = macosx;
				SWIFT_VERSION = 5.0;
				TEST_TARGET_NAME = "Sandwhiches (macOS)";
			};
			name = Release;
		};
/* End XCBuildConfiguration section */

/* Begin XCConfigurationList section */
		CBA77C3125B8A8F70023CD5D /* Build configuration list for PBXProject "Sandwhiches" */ = {
			isa = XCConfigurationList;
			buildConfigurations = (
				CBA77C6225B8A8FB0023CD5D /* Debug */,
				CBA77C6325B8A8FB0023CD5D /* Release */,
			);
			defaultConfigurationIsVisible = 0;
			defaultConfigurationName = Release;
		};
		CBA77C6425B8A8FB0023CD5D /* Build configuration list for PBXNativeTarget "Sandwhiches (iOS)" */ = {
			isa = XCConfigurationList;
			buildConfigurations = (
				CBA77C6525B8A8FB0023CD5D /* Debug */,
				CBA77C6625B8A8FB0023CD5D /* Release */,
			);
			defaultConfigurationIsVisible = 0;
			defaultConfigurationName = Release;
		};
		CBA77C6725B8A8FB0023CD5D /* Build configuration list for PBXNativeTarget "Sandwhiches (macOS)" */ = {
			isa = XCConfigurationList;
			buildConfigurations = (
				CBA77C6825B8A8FB0023CD5D /* Debug */,
				CBA77C6925B8A8FB0023CD5D /* Release */,
			);
			defaultConfigurationIsVisible = 0;
			defaultConfigurationName = Release;
		};
		CBA77C6A25B8A8FB0023CD5D /* Build configuration list for PBXNativeTarget "Tests iOS" */ = {
			isa = XCConfigurationList;
			buildConfigurations = (
				CBA77C6B25B8A8FB0023CD5D /* Debug */,
				CBA77C6C25B8A8FB0023CD5D /* Release */,
			);
			defaultConfigurationIsVisible = 0;
			defaultConfigurationName = Release;
		};
		CBA77C6D25B8A8FB0023CD5D /* Build configuration list for PBXNativeTarget "Tests macOS" */ = {
			isa = XCConfigurationList;
			buildConfigurations = (
				CBA77C6E25B8A8FB0023CD5D /* Debug */,
				CBA77C6F25B8A8FB0023CD5D /* Release */,
			);
			defaultConfigurationIsVisible = 0;
			defaultConfigurationName = Release;
		};
/* End XCConfigurationList section */
	};
	rootObject = CBA77C2E25B8A8F70023CD5D /* Project object */;
}
